
Microsoft Visual Studio Solution File, Format Version 12.00
# Visual Studio Version 17
VisualStudioVersion = 17.7.34202.233
MinimumVisualStudioVersion = 10.0.40219.1
Project("{FAE04EC0-301F-11D3-BF4B-00C04F79EFBC}") = "TenantManagement", "TenantManagement\TenantManagement.csproj", "{DDE3697E-687B-4342-9E35-A998E7D2E1F6}"
EndProject
Project("{9092AA53-FB77-4645-B42D-1CCCA6BD08BD}") = "TenantManagementFrontend", "TenantManagementFrontend\TenantManagementFrontend.njsproj", "{5BECE00C-4E09-4B29-B373-5AC801CB2157}"
EndProject
Global
	GlobalSection(SolutionConfigurationPlatforms) = preSolution
		Debug|Any CPU = Debug|Any CPU
		Release|Any CPU = Release|Any CPU
	EndGlobalSection
	GlobalSection(ProjectConfigurationPlatforms) = postSolution
		{DDE3697E-687B-4342-9E35-A998E7D2E1F6}.Debug|Any CPU.ActiveCfg = Debug|Any CPU
		{DDE3697E-687B-4342-9E35-A998E7D2E1F6}.Debug|Any CPU.Build.0 = Debug|Any CPU
		{DDE3697E-687B-4342-9E35-A998E7D2E1F6}.Release|Any CPU.ActiveCfg = Release|Any CPU
		{DDE3697E-687B-4342-9E35-A998E7D2E1F6}.Release|Any CPU.Build.0 = Release|Any CPU
		{5BECE00C-4E09-4B29-B373-5AC801CB2157}.Debug|Any CPU.ActiveCfg = Debug|Any CPU
		{5BECE00C-4E09-4B29-B373-5AC801CB2157}.Debug|Any CPU.Build.0 = Debug|Any CPU
		{5BECE00C-4E09-4B29-B373-5AC801CB2157}.Release|Any CPU.ActiveCfg = Release|Any CPU
		{5BECE00C-4E09-4B29-B373-5AC801CB2157}.Release|Any CPU.Build.0 = Release|Any CPU
	EndGlobalSection
	GlobalSection(SolutionProperties) = preSolution
		HideSolutionNode = FALSE
	EndGlobalSection
	GlobalSection(ExtensibilityGlobals) = postSolution
		SolutionGuid = {53E741E0-0E3D-4E8B-AE19-CD7D5662903B}
	EndGlobalSection
EndGlobal
